
Microsoft Visual Studio Solution File, Format Version 12.00
# Visual Studio Version 17
VisualStudioVersion = 17.1.32210.238
MinimumVisualStudioVersion = 10.0.40219.1
Project("{FAE04EC0-301F-11D3-BF4B-00C04F79EFBC}") = "Employee wage computation", "Employee wage computation\Employee wage computation.csproj", "{7B76C2E8-3869-4146-9F99-21EEA5314C18}"
EndProject
Global
	GlobalSection(SolutionConfigurationPlatforms) = preSolution
		Debug|Any CPU = Debug|Any CPU
		Release|Any CPU = Release|Any CPU
	EndGlobalSection
	GlobalSection(ProjectConfigurationPlatforms) = postSolution
		{7B76C2E8-3869-4146-9F99-21EEA5314C18}.Debug|Any CPU.ActiveCfg = Debug|Any CPU
		{7B76C2E8-3869-4146-9F99-21EEA5314C18}.Debug|Any CPU.Build.0 = Debug|Any CPU
		{7B76C2E8-3869-4146-9F99-21EEA5314C18}.Release|Any CPU.ActiveCfg = Release|Any CPU
		{7B76C2E8-3869-4146-9F99-21EEA5314C18}.Release|Any CPU.Build.0 = Release|Any CPU
	EndGlobalSection
	GlobalSection(SolutionProperties) = preSolution
		HideSolutionNode = FALSE
	EndGlobalSection
	GlobalSection(ExtensibilityGlobals) = postSolution
		SolutionGuid = {D8416E3B-4C91-4024-B87E-EB352E5E9F5F}
	EndGlobalSection
EndGlobal
